
Microsoft Visual Studio Solution File, Format Version 12.00
# Visual Studio 15
VisualStudioVersion = 15.0.27428.2002
MinimumVisualStudioVersion = 10.0.40219.1
Project("{888888A0-9F3D-457C-B088-3A5042F75D52}") = "pdv", "pdv.pyproj", "{4797AB05-7982-42CB-B025-9A63A257020F}"
EndProject
Global
	GlobalSection(SolutionConfigurationPlatforms) = preSolution
		Debug|Any CPU = Debug|Any CPU
		Release|Any CPU = Release|Any CPU
	EndGlobalSection
	GlobalSection(ProjectConfigurationPlatforms) = postSolution
		{4797AB05-7982-42CB-B025-9A63A257020F}.Debug|Any CPU.ActiveCfg = Debug|Any CPU
		{4797AB05-7982-42CB-B025-9A63A257020F}.Release|Any CPU.ActiveCfg = Release|Any CPU
	EndGlobalSection
	GlobalSection(SolutionProperties) = preSolution
		HideSolutionNode = FALSE
	EndGlobalSection
	GlobalSection(ExtensibilityGlobals) = postSolution
		        SolutionGuid = {5DC87747-7050-4B9B-A1A9-9886F2E186DB}
		SolutionGuid = {B43ABD47-5D2C-4287-BD91-FCBDD8830FF7}
	EndGlobalSection
EndGlobal
